// !$*UTF8*$!
{
	archiveVersion = 1;
	classes = {
	};
	objectVersion = 56;
	objects = {

/* Begin PBXBuildFile section */
		B84C2646297ACB42006E7A41 /* PostDetailViewController.swift in Sources */ = {isa = PBXBuildFile; fileRef = B84C2645297ACB42006E7A41 /* PostDetailViewController.swift */; };
		B85ADD17294C9A3F0084E2C4 /* PostTableViewCell.swift in Sources */ = {isa = PBXBuildFile; fileRef = B85ADD16294C9A3F0084E2C4 /* PostTableViewCell.swift */; };
		B85E0BFE292C2ACB00E4BFA2 /* AppDelegate.swift in Sources */ = {isa = PBXBuildFile; fileRef = B85E0BFD292C2ACB00E4BFA2 /* AppDelegate.swift */; };
		B85E0C00292C2ACB00E4BFA2 /* SceneDelegate.swift in Sources */ = {isa = PBXBuildFile; fileRef = B85E0BFF292C2ACB00E4BFA2 /* SceneDelegate.swift */; };
		B85E0C02292C2ACB00E4BFA2 /* FeedViewController.swift in Sources */ = {isa = PBXBuildFile; fileRef = B85E0C01292C2ACB00E4BFA2 /* FeedViewController.swift */; };
		B85E0C07292C2ACC00E4BFA2 /* Assets.xcassets in Resources */ = {isa = PBXBuildFile; fileRef = B85E0C06292C2ACC00E4BFA2 /* Assets.xcassets */; };
		B85E0C0A292C2ACC00E4BFA2 /* LaunchScreen.storyboard in Resources */ = {isa = PBXBuildFile; fileRef = B85E0C08292C2ACC00E4BFA2 /* LaunchScreen.storyboard */; };
		B85E0C16292C339300E4BFA2 /* ProfileViewController.swift in Sources */ = {isa = PBXBuildFile; fileRef = B85E0C15292C339300E4BFA2 /* ProfileViewController.swift */; };
		B85E0C18292C33A800E4BFA2 /* PostViewController.swift in Sources */ = {isa = PBXBuildFile; fileRef = B85E0C17292C33A800E4BFA2 /* PostViewController.swift */; };
		B85E0C1F292C47BC00E4BFA2 /* Post.swift in Sources */ = {isa = PBXBuildFile; fileRef = B85E0C1E292C47BC00E4BFA2 /* Post.swift */; };
		B85E0C21292CDC6500E4BFA2 /* InfoViewController.swift in Sources */ = {isa = PBXBuildFile; fileRef = B85E0C20292CDC6500E4BFA2 /* InfoViewController.swift */; };
		B892FEDB29571D4000BF9E0B /* PhotoCollectionViewCell.swift in Sources */ = {isa = PBXBuildFile; fileRef = B892FEDA29571D4000BF9E0B /* PhotoCollectionViewCell.swift */; };
		B892FEDD29571D9200BF9E0B /* DataStorage.swift in Sources */ = {isa = PBXBuildFile; fileRef = B892FEDC29571D9200BF9E0B /* DataStorage.swift */; };
		B892FEDF295722F500BF9E0B /* PhotoTableViewCell.swift in Sources */ = {isa = PBXBuildFile; fileRef = B892FEDE295722F500BF9E0B /* PhotoTableViewCell.swift */; };
		B892FEE129573A2100BF9E0B /* PhotosViewController.swift in Sources */ = {isa = PBXBuildFile; fileRef = B892FEE029573A2100BF9E0B /* PhotosViewController.swift */; };
		B89EF38F2936618E005FA98E /* ProfileHeaderView.swift in Sources */ = {isa = PBXBuildFile; fileRef = B89EF38E2936618E005FA98E /* ProfileHeaderView.swift */; };
		B8B37AC4293F91D700611844 /* LogInViewController.swift in Sources */ = {isa = PBXBuildFile; fileRef = B8B37AC3293F91D700611844 /* LogInViewController.swift */; };
		B8B37ACB2940838500611844 /* Profile.swift in Sources */ = {isa = PBXBuildFile; fileRef = B8B37ACA2940838500611844 /* Profile.swift */; };
		B8B37ACE2940851200611844 /* Extension + UIVIew.swift in Sources */ = {isa = PBXBuildFile; fileRef = B8B37ACD2940851200611844 /* Extension + UIVIew.swift */; };
		B8B37AF52941E08400611844 /* Extension + UIButton.swift in Sources */ = {isa = PBXBuildFile; fileRef = B8B37AF42941E08400611844 /* Extension + UIButton.swift */; };
		B8B37AF72941E18000611844 /* Extension + UIColor.swift in Sources */ = {isa = PBXBuildFile; fileRef = B8B37AF62941E18000611844 /* Extension + UIColor.swift */; };
/* End PBXBuildFile section */

/* Begin PBXFileReference section */
		B84C2645297ACB42006E7A41 /* PostDetailViewController.swift */ = {isa = PBXFileReference; lastKnownFileType = sourcecode.swift; path = PostDetailViewController.swift; sourceTree = "<group>"; };
		B85ADD16294C9A3F0084E2C4 /* PostTableViewCell.swift */ = {isa = PBXFileReference; lastKnownFileType = sourcecode.swift; path = PostTableViewCell.swift; sourceTree = "<group>"; };
		B85E0BFA292C2ACB00E4BFA2 /* Navigation.app */ = {isa = PBXFileReference; explicitFileType = wrapper.application; includeInIndex = 0; path = Navigation.app; sourceTree = BUILT_PRODUCTS_DIR; };
		B85E0BFD292C2ACB00E4BFA2 /* AppDelegate.swift */ = {isa = PBXFileReference; lastKnownFileType = sourcecode.swift; path = AppDelegate.swift; sourceTree = "<group>"; };
		B85E0BFF292C2ACB00E4BFA2 /* SceneDelegate.swift */ = {isa = PBXFileReference; lastKnownFileType = sourcecode.swift; path = SceneDelegate.swift; sourceTree = "<group>"; };
		B85E0C01292C2ACB00E4BFA2 /* FeedViewController.swift */ = {isa = PBXFileReference; lastKnownFileType = sourcecode.swift; path = FeedViewController.swift; sourceTree = "<group>"; };
		B85E0C06292C2ACC00E4BFA2 /* Assets.xcassets */ = {isa = PBXFileReference; lastKnownFileType = folder.assetcatalog; path = Assets.xcassets; sourceTree = "<group>"; };
		B85E0C09292C2ACC00E4BFA2 /* Base */ = {isa = PBXFileReference; lastKnownFileType = file.storyboard; name = Base; path = Base.lproj/LaunchScreen.storyboard; sourceTree = "<group>"; };
		B85E0C0B292C2ACC00E4BFA2 /* Info.plist */ = {isa = PBXFileReference; lastKnownFileType = text.plist.xml; path = Info.plist; sourceTree = "<group>"; };
		B85E0C15292C339300E4BFA2 /* ProfileViewController.swift */ = {isa = PBXFileReference; lastKnownFileType = sourcecode.swift; path = ProfileViewController.swift; sourceTree = "<group>"; };
		B85E0C17292C33A800E4BFA2 /* PostViewController.swift */ = {isa = PBXFileReference; lastKnownFileType = sourcecode.swift; path = PostViewController.swift; sourceTree = "<group>"; };
		B85E0C1E292C47BC00E4BFA2 /* Post.swift */ = {isa = PBXFileReference; lastKnownFileType = sourcecode.swift; path = Post.swift; sourceTree = "<group>"; };
		B85E0C20292CDC6500E4BFA2 /* InfoViewController.swift */ = {isa = PBXFileReference; lastKnownFileType = sourcecode.swift; path = InfoViewController.swift; sourceTree = "<group>"; };
		B892FEDA29571D4000BF9E0B /* PhotoCollectionViewCell.swift */ = {isa = PBXFileReference; lastKnownFileType = sourcecode.swift; path = PhotoCollectionViewCell.swift; sourceTree = "<group>"; };
		B892FEDC29571D9200BF9E0B /* DataStorage.swift */ = {isa = PBXFileReference; lastKnownFileType = sourcecode.swift; path = DataStorage.swift; sourceTree = "<group>"; };
		B892FEDE295722F500BF9E0B /* PhotoTableViewCell.swift */ = {isa = PBXFileReference; lastKnownFileType = sourcecode.swift; path = PhotoTableViewCell.swift; sourceTree = "<group>"; };
		B892FEE029573A2100BF9E0B /* PhotosViewController.swift */ = {isa = PBXFileReference; lastKnownFileType = sourcecode.swift; path = PhotosViewController.swift; sourceTree = "<group>"; };
		B89EF38E2936618E005FA98E /* ProfileHeaderView.swift */ = {isa = PBXFileReference; lastKnownFileType = sourcecode.swift; path = ProfileHeaderView.swift; sourceTree = "<group>"; };
		B8B37AC3293F91D700611844 /* LogInViewController.swift */ = {isa = PBXFileReference; lastKnownFileType = sourcecode.swift; path = LogInViewController.swift; sourceTree = "<group>"; };
		B8B37ACA2940838500611844 /* Profile.swift */ = {isa = PBXFileReference; lastKnownFileType = sourcecode.swift; path = Profile.swift; sourceTree = "<group>"; };
		B8B37ACD2940851200611844 /* Extension + UIVIew.swift */ = {isa = PBXFileReference; lastKnownFileType = sourcecode.swift; path = "Extension + UIVIew.swift"; sourceTree = "<group>"; };
		B8B37AF42941E08400611844 /* Extension + UIButton.swift */ = {isa = PBXFileReference; lastKnownFileType = sourcecode.swift; path = "Extension + UIButton.swift"; sourceTree = "<group>"; };
		B8B37AF62941E18000611844 /* Extension + UIColor.swift */ = {isa = PBXFileReference; lastKnownFileType = sourcecode.swift; path = "Extension + UIColor.swift"; sourceTree = "<group>"; };
/* End PBXFileReference section */

/* Begin PBXFrameworksBuildPhase section */
		B85E0BF7292C2ACB00E4BFA2 /* Frameworks */ = {
			isa = PBXFrameworksBuildPhase;
			buildActionMask = 2147483647;
			files = (
			);
			runOnlyForDeploymentPostprocessing = 0;
		};
/* End PBXFrameworksBuildPhase section */

/* Begin PBXGroup section */
		B85E0BF1292C2ACB00E4BFA2 = {
			isa = PBXGroup;
			children = (
				B85E0BFC292C2ACB00E4BFA2 /* Navigation */,
				B85E0BFB292C2ACB00E4BFA2 /* Products */,
			);
			sourceTree = "<group>";
		};
		B85E0BFB292C2ACB00E4BFA2 /* Products */ = {
			isa = PBXGroup;
			children = (
				B85E0BFA292C2ACB00E4BFA2 /* Navigation.app */,
			);
			name = Products;
			sourceTree = "<group>";
		};
		B85E0BFC292C2ACB00E4BFA2 /* Navigation */ = {
			isa = PBXGroup;
			children = (
				B892FED929571D1C00BF9E0B /* Photo */,
				B8623021294C924F0020E28B /* Post */,
				B8B37ACC2940845B00611844 /* Service */,
				B8B37AC5293F9BB000611844 /* Login */,
				B89EF38D29366155005FA98E /* Profile */,
				B85E0C11292C2BA600E4BFA2 /* App */,
				B85E0C12292C2BB100E4BFA2 /* ViewControllers */,
				B85E0C1D292C47AD00E4BFA2 /* Models */,
				B85E0C13292C2BBD00E4BFA2 /* Storyboards */,
				B85E0C06292C2ACC00E4BFA2 /* Assets.xcassets */,
				B85E0C0B292C2ACC00E4BFA2 /* Info.plist */,
			);
			path = Navigation;
			sourceTree = "<group>";
		};
		B85E0C11292C2BA600E4BFA2 /* App */ = {
			isa = PBXGroup;
			children = (
				B85E0BFD292C2ACB00E4BFA2 /* AppDelegate.swift */,
				B85E0BFF292C2ACB00E4BFA2 /* SceneDelegate.swift */,
			);
			path = App;
			sourceTree = "<group>";
		};
		B85E0C12292C2BB100E4BFA2 /* ViewControllers */ = {
			isa = PBXGroup;
			children = (
				B85E0C01292C2ACB00E4BFA2 /* FeedViewController.swift */,
				B85E0C17292C33A800E4BFA2 /* PostViewController.swift */,
				B85E0C20292CDC6500E4BFA2 /* InfoViewController.swift */,
			);
			path = ViewControllers;
			sourceTree = "<group>";
		};
		B85E0C13292C2BBD00E4BFA2 /* Storyboards */ = {
			isa = PBXGroup;
			children = (
				B85E0C08292C2ACC00E4BFA2 /* LaunchScreen.storyboard */,
			);
			path = Storyboards;
			sourceTree = "<group>";
		};
		B85E0C1D292C47AD00E4BFA2 /* Models */ = {
			isa = PBXGroup;
			children = (
				B85E0C1E292C47BC00E4BFA2 /* Post.swift */,
				B8B37ACA2940838500611844 /* Profile.swift */,
			);
			path = Models;
			sourceTree = "<group>";
		};
		B8623021294C924F0020E28B /* Post */ = {
			isa = PBXGroup;
			children = (
				B85ADD16294C9A3F0084E2C4 /* PostTableViewCell.swift */,
				B84C2645297ACB42006E7A41 /* PostDetailViewController.swift */,
			);
			path = Post;
			sourceTree = "<group>";
		};
		B892FED929571D1C00BF9E0B /* Photo */ = {
			isa = PBXGroup;
			children = (
				B892FEDA29571D4000BF9E0B /* PhotoCollectionViewCell.swift */,
				B892FEDE295722F500BF9E0B /* PhotoTableViewCell.swift */,
				B892FEE029573A2100BF9E0B /* PhotosViewController.swift */,
			);
			path = Photo;
			sourceTree = "<group>";
		};
		B89EF38D29366155005FA98E /* Profile */ = {
			isa = PBXGroup;
			children = (
				B89EF38E2936618E005FA98E /* ProfileHeaderView.swift */,
				B85E0C15292C339300E4BFA2 /* ProfileViewController.swift */,
			);
			path = Profile;
			sourceTree = "<group>";
		};
		B8B37AC5293F9BB000611844 /* Login */ = {
			isa = PBXGroup;
			children = (
				B8B37AC3293F91D700611844 /* LogInViewController.swift */,
			);
			path = Login;
			sourceTree = "<group>";
		};
		B8B37ACC2940845B00611844 /* Service */ = {
			isa = PBXGroup;
			children = (
				B892FEDC29571D9200BF9E0B /* DataStorage.swift */,
				B8B37ACD2940851200611844 /* Extension + UIVIew.swift */,
				B8B37AF42941E08400611844 /* Extension + UIButton.swift */,
				B8B37AF62941E18000611844 /* Extension + UIColor.swift */,
			);
			path = Service;
			sourceTree = "<group>";
		};
/* End PBXGroup section */

/* Begin PBXNativeTarget section */
		B85E0BF9292C2ACB00E4BFA2 /* Navigation */ = {
			isa = PBXNativeTarget;
			buildConfigurationList = B85E0C0E292C2ACC00E4BFA2 /* Build configuration list for PBXNativeTarget "Navigation" */;
			buildPhases = (
				B85E0BF6292C2ACB00E4BFA2 /* Sources */,
				B85E0BF7292C2ACB00E4BFA2 /* Frameworks */,
				B85E0BF8292C2ACB00E4BFA2 /* Resources */,
			);
			buildRules = (
			);
			dependencies = (
			);
			name = Navigation;
			productName = Navigation;
			productReference = B85E0BFA292C2ACB00E4BFA2 /* Navigation.app */;
			productType = "com.apple.product-type.application";
		};
/* End PBXNativeTarget section */

/* Begin PBXProject section */
		B85E0BF2292C2ACB00E4BFA2 /* Project object */ = {
			isa = PBXProject;
			attributes = {
				BuildIndependentTargetsInParallel = 1;
				LastSwiftUpdateCheck = 1410;
				LastUpgradeCheck = 1410;
				TargetAttributes = {
					B85E0BF9292C2ACB00E4BFA2 = {
						CreatedOnToolsVersion = 14.1;
					};
				};
			};
			buildConfigurationList = B85E0BF5292C2ACB00E4BFA2 /* Build configuration list for PBXProject "Navigation" */;
			compatibilityVersion = "Xcode 14.0";
			developmentRegion = en;
			hasScannedForEncodings = 0;
			knownRegions = (
				en,
				Base,
			);
			mainGroup = B85E0BF1292C2ACB00E4BFA2;
			productRefGroup = B85E0BFB292C2ACB00E4BFA2 /* Products */;
			projectDirPath = "";
			projectRoot = "";
			targets = (
				B85E0BF9292C2ACB00E4BFA2 /* Navigation */,
			);
		};
/* End PBXProject section */

/* Begin PBXResourcesBuildPhase section */
		B85E0BF8292C2ACB00E4BFA2 /* Resources */ = {
			isa = PBXResourcesBuildPhase;
			buildActionMask = 2147483647;
			files = (
				B85E0C0A292C2ACC00E4BFA2 /* LaunchScreen.storyboard in Resources */,
				B85E0C07292C2ACC00E4BFA2 /* Assets.xcassets in Resources */,
			);
			runOnlyForDeploymentPostprocessing = 0;
		};
/* End PBXResourcesBuildPhase section */

/* Begin PBXSourcesBuildPhase section */
		B85E0BF6292C2ACB00E4BFA2 /* Sources */ = {
			isa = PBXSourcesBuildPhase;
			buildActionMask = 2147483647;
			files = (
				B85E0C02292C2ACB00E4BFA2 /* FeedViewController.swift in Sources */,
				B892FEE129573A2100BF9E0B /* PhotosViewController.swift in Sources */,
				B85E0BFE292C2ACB00E4BFA2 /* AppDelegate.swift in Sources */,
				B85ADD17294C9A3F0084E2C4 /* PostTableViewCell.swift in Sources */,
				B892FEDD29571D9200BF9E0B /* DataStorage.swift in Sources */,
				B8B37AC4293F91D700611844 /* LogInViewController.swift in Sources */,
				B84C2646297ACB42006E7A41 /* PostDetailViewController.swift in Sources */,
				B892FEDB29571D4000BF9E0B /* PhotoCollectionViewCell.swift in Sources */,
				B8B37AF72941E18000611844 /* Extension + UIColor.swift in Sources */,
				B8B37ACE2940851200611844 /* Extension + UIVIew.swift in Sources */,
				B85E0C16292C339300E4BFA2 /* ProfileViewController.swift in Sources */,
				B85E0C21292CDC6500E4BFA2 /* InfoViewController.swift in Sources */,
				B85E0C1F292C47BC00E4BFA2 /* Post.swift in Sources */,
				B85E0C00292C2ACB00E4BFA2 /* SceneDelegate.swift in Sources */,
				B8B37AF52941E08400611844 /* Extension + UIButton.swift in Sources */,
				B85E0C18292C33A800E4BFA2 /* PostViewController.swift in Sources */,
				B892FEDF295722F500BF9E0B /* PhotoTableViewCell.swift in Sources */,
				B8B37ACB2940838500611844 /* Profile.swift in Sources */,
				B89EF38F2936618E005FA98E /* ProfileHeaderView.swift in Sources */,
			);
			runOnlyForDeploymentPostprocessing = 0;
		};
/* End PBXSourcesBuildPhase section */

/* Begin PBXVariantGroup section */
		B85E0C08292C2ACC00E4BFA2 /* LaunchScreen.storyboard */ = {
			isa = PBXVariantGroup;
			children = (
				B85E0C09292C2ACC00E4BFA2 /* Base */,
			);
			name = LaunchScreen.storyboard;
			sourceTree = "<group>";
		};
/* End PBXVariantGroup section */

/* Begin XCBuildConfiguration section */
		B85E0C0C292C2ACC00E4BFA2 /* Debug */ = {
			isa = XCBuildConfiguration;
			buildSettings = {
				ALWAYS_SEARCH_USER_PATHS = NO;
				CLANG_ANALYZER_NONNULL = YES;
				CLANG_ANALYZER_NUMBER_OBJECT_CONVERSION = YES_AGGRESSIVE;
				CLANG_CXX_LANGUAGE_STANDARD = "gnu++20";
				CLANG_ENABLE_MODULES = YES;
				CLANG_ENABLE_OBJC_ARC = YES;
				CLANG_ENABLE_OBJC_WEAK = YES;
				CLANG_WARN_BLOCK_CAPTURE_AUTORELEASING = YES;
				CLANG_WARN_BOOL_CONVERSION = YES;
				CLANG_WARN_COMMA = YES;
				CLANG_WARN_CONSTANT_CONVERSION = YES;
				CLANG_WARN_DEPRECATED_OBJC_IMPLEMENTATIONS = YES;
				CLANG_WARN_DIRECT_OBJC_ISA_USAGE = YES_ERROR;
				CLANG_WARN_DOCUMENTATION_COMMENTS = YES;
				CLANG_WARN_EMPTY_BODY = YES;
				CLANG_WARN_ENUM_CONVERSION = YES;
				CLANG_WARN_INFINITE_RECURSION = YES;
				CLANG_WARN_INT_CONVERSION = YES;
				CLANG_WARN_NON_LITERAL_NULL_CONVERSION = YES;
				CLANG_WARN_OBJC_IMPLICIT_RETAIN_SELF = YES;
				CLANG_WARN_OBJC_LITERAL_CONVERSION = YES;
				CLANG_WARN_OBJC_ROOT_CLASS = YES_ERROR;
				CLANG_WARN_QUOTED_INCLUDE_IN_FRAMEWORK_HEADER = YES;
				CLANG_WARN_RANGE_LOOP_ANALYSIS = YES;
				CLANG_WARN_STRICT_PROTOTYPES = YES;
				CLANG_WARN_SUSPICIOUS_MOVE = YES;
				CLANG_WARN_UNGUARDED_AVAILABILITY = YES_AGGRESSIVE;
				CLANG_WARN_UNREACHABLE_CODE = YES;
				CLANG_WARN__DUPLICATE_METHOD_MATCH = YES;
				COPY_PHASE_STRIP = NO;
				DEBUG_INFORMATION_FORMAT = dwarf;
				ENABLE_STRICT_OBJC_MSGSEND = YES;
				ENABLE_TESTABILITY = YES;
				GCC_C_LANGUAGE_STANDARD = gnu11;
				GCC_DYNAMIC_NO_PIC = NO;
				GCC_NO_COMMON_BLOCKS = YES;
				GCC_OPTIMIZATION_LEVEL = 0;
				GCC_PREPROCESSOR_DEFINITIONS = (
					"DEBUG=1",
					"$(inherited)",
				);
				GCC_WARN_64_TO_32_BIT_CONVERSION = YES;
				GCC_WARN_ABOUT_RETURN_TYPE = YES_ERROR;
				GCC_WARN_UNDECLARED_SELECTOR = YES;
				GCC_WARN_UNINITIALIZED_AUTOS = YES_AGGRESSIVE;
				GCC_WARN_UNUSED_FUNCTION = YES;
				GCC_WARN_UNUSED_VARIABLE = YES;
				IPHONEOS_DEPLOYMENT_TARGET = 16.1;
				MTL_ENABLE_DEBUG_INFO = INCLUDE_SOURCE;
				MTL_FAST_MATH = YES;
				ONLY_ACTIVE_ARCH = YES;
				SDKROOT = iphoneos;
				SWIFT_ACTIVE_COMPILATION_CONDITIONS = DEBUG;
				SWIFT_OPTIMIZATION_LEVEL = "-Onone";
			};
			name = Debug;
		};
		B85E0C0D292C2ACC00E4BFA2 /* Release */ = {
			isa = XCBuildConfiguration;
			buildSettings = {
				ALWAYS_SEARCH_USER_PATHS = NO;
				CLANG_ANALYZER_NONNULL = YES;
				CLANG_ANALYZER_NUMBER_OBJECT_CONVERSION = YES_AGGRESSIVE;
				CLANG_CXX_LANGUAGE_STANDARD = "gnu++20";
				CLANG_ENABLE_MODULES = YES;
				CLANG_ENABLE_OBJC_ARC = YES;
				CLANG_ENABLE_OBJC_WEAK = YES;
				CLANG_WARN_BLOCK_CAPTURE_AUTORELEASING = YES;
				CLANG_WARN_BOOL_CONVERSION = YES;
				CLANG_WARN_COMMA = YES;
				CLANG_WARN_CONSTANT_CONVERSION = YES;
				CLANG_WARN_DEPRECATED_OBJC_IMPLEMENTATIONS = YES;
				CLANG_WARN_DIRECT_OBJC_ISA_USAGE = YES_ERROR;
				CLANG_WARN_DOCUMENTATION_COMMENTS = YES;
				CLANG_WARN_EMPTY_BODY = YES;
				CLANG_WARN_ENUM_CONVERSION = YES;
				CLANG_WARN_INFINITE_RECURSION = YES;
				CLANG_WARN_INT_CONVERSION = YES;
				CLANG_WARN_NON_LITERAL_NULL_CONVERSION = YES;
				CLANG_WARN_OBJC_IMPLICIT_RETAIN_SELF = YES;
				CLANG_WARN_OBJC_LITERAL_CONVERSION = YES;
				CLANG_WARN_OBJC_ROOT_CLASS = YES_ERROR;
				CLANG_WARN_QUOTED_INCLUDE_IN_FRAMEWORK_HEADER = YES;
				CLANG_WARN_RANGE_LOOP_ANALYSIS = YES;
				CLANG_WARN_STRICT_PROTOTYPES = YES;
				CLANG_WARN_SUSPICIOUS_MOVE = YES;
				CLANG_WARN_UNGUARDED_AVAILABILITY = YES_AGGRESSIVE;
				CLANG_WARN_UNREACHABLE_CODE = YES;
				CLANG_WARN__DUPLICATE_METHOD_MATCH = YES;
				COPY_PHASE_STRIP = NO;
				DEBUG_INFORMATION_FORMAT = "dwarf-with-dsym";
				ENABLE_NS_ASSERTIONS = NO;
				ENABLE_STRICT_OBJC_MSGSEND = YES;
				GCC_C_LANGUAGE_STANDARD = gnu11;
				GCC_NO_COMMON_BLOCKS = YES;
				GCC_WARN_64_TO_32_BIT_CONVERSION = YES;
				GCC_WARN_ABOUT_RETURN_TYPE = YES_ERROR;
				GCC_WARN_UNDECLARED_SELECTOR = YES;
				GCC_WARN_UNINITIALIZED_AUTOS = YES_AGGRESSIVE;
				GCC_WARN_UNUSED_FUNCTION = YES;
				GCC_WARN_UNUSED_VARIABLE = YES;
				IPHONEOS_DEPLOYMENT_TARGET = 16.1;
				MTL_ENABLE_DEBUG_INFO = NO;
				MTL_FAST_MATH = YES;
				SDKROOT = iphoneos;
				SWIFT_COMPILATION_MODE = wholemodule;
				SWIFT_OPTIMIZATION_LEVEL = "-O";
				VALIDATE_PRODUCT = YES;
			};
			name = Release;
		};
		B85E0C0F292C2ACC00E4BFA2 /* Debug */ = {
			isa = XCBuildConfiguration;
			buildSettings = {
				ASSETCATALOG_COMPILER_APPICON_NAME = AppIcon;
				ASSETCATALOG_COMPILER_GLOBAL_ACCENT_COLOR_NAME = AccentColor;
				CODE_SIGN_STYLE = Automatic;
				CURRENT_PROJECT_VERSION = 1;
				DEVELOPMENT_TEAM = S3FDYF8UUF;
				GENERATE_INFOPLIST_FILE = YES;
				INFOPLIST_FILE = Navigation/Info.plist;
				INFOPLIST_KEY_UIApplicationSupportsIndirectInputEvents = YES;
				INFOPLIST_KEY_UILaunchStoryboardName = LaunchScreen;
				INFOPLIST_KEY_UIStatusBarStyle = UIStatusBarStyleLightContent;
				INFOPLIST_KEY_UISupportedInterfaceOrientations = "UIInterfaceOrientationLandscapeLeft UIInterfaceOrientationLandscapeRight UIInterfaceOrientationPortrait";
				INFOPLIST_KEY_UISupportedInterfaceOrientations_iPad = "UIInterfaceOrientationLandscapeLeft UIInterfaceOrientationLandscapeRight UIInterfaceOrientationPortrait UIInterfaceOrientationPortraitUpsideDown";
				IPHONEOS_DEPLOYMENT_TARGET = 15.5;
				LD_RUNPATH_SEARCH_PATHS = (
					"$(inherited)",
					"@executable_path/Frameworks",
				);
				MARKETING_VERSION = 1.0;
				PRODUCT_BUNDLE_IDENTIFIER = "nu-shtosh.Navigation";
				PRODUCT_NAME = "$(TARGET_NAME)";
				SUPPORTED_PLATFORMS = "iphoneos iphonesimulator";
				SUPPORTS_MACCATALYST = NO;
				SUPPORTS_MAC_DESIGNED_FOR_IPHONE_IPAD = NO;
				SWIFT_EMIT_LOC_STRINGS = YES;
				SWIFT_VERSION = 5.0;
				TARGETED_DEVICE_FAMILY = 1;
			};
			name = Debug;
		};
		B85E0C10292C2ACC00E4BFA2 /* Release */ = {
			isa = XCBuildConfiguration;
			buildSettings = {
				ASSETCATALOG_COMPILER_APPICON_NAME = AppIcon;
				ASSETCATALOG_COMPILER_GLOBAL_ACCENT_COLOR_NAME = AccentColor;
				CODE_SIGN_STYLE = Automatic;
				CURRENT_PROJECT_VERSION = 1;
				DEVELOPMENT_TEAM = S3FDYF8UUF;
				GENERATE_INFOPLIST_FILE = YES;
				INFOPLIST_FILE = Navigation/Info.plist;
				INFOPLIST_KEY_UIApplicationSupportsIndirectInputEvents = YES;
				INFOPLIST_KEY_UILaunchStoryboardName = LaunchScreen;
				INFOPLIST_KEY_UIStatusBarStyle = UIStatusBarStyleLightContent;
				INFOPLIST_KEY_UISupportedInterfaceOrientations = "UIInterfaceOrientationLandscapeLeft UIInterfaceOrientationLandscapeRight UIInterfaceOrientationPortrait";
				INFOPLIST_KEY_UISupportedInterfaceOrientations_iPad = "UIInterfaceOrientationLandscapeLeft UIInterfaceOrientationLandscapeRight UIInterfaceOrientationPortrait UIInterfaceOrientationPortraitUpsideDown";
				IPHONEOS_DEPLOYMENT_TARGET = 15.5;
				LD_RUNPATH_SEARCH_PATHS = (
					"$(inherited)",
					"@executable_path/Frameworks",
				);
				MARKETING_VERSION = 1.0;
				PRODUCT_BUNDLE_IDENTIFIER = "nu-shtosh.Navigation";
				PRODUCT_NAME = "$(TARGET_NAME)";
				SUPPORTED_PLATFORMS = "iphoneos iphonesimulator";
				SUPPORTS_MACCATALYST = NO;
				SUPPORTS_MAC_DESIGNED_FOR_IPHONE_IPAD = NO;
				SWIFT_EMIT_LOC_STRINGS = YES;
				SWIFT_VERSION = 5.0;
				TARGETED_DEVICE_FAMILY = 1;
			};
			name = Release;
		};
/* End XCBuildConfiguration section */

/* Begin XCConfigurationList section */
		B85E0BF5292C2ACB00E4BFA2 /* Build configuration list for PBXProject "Navigation" */ = {
			isa = XCConfigurationList;
			buildConfigurations = (
				B85E0C0C292C2ACC00E4BFA2 /* Debug */,
				B85E0C0D292C2ACC00E4BFA2 /* Release */,
			);
			defaultConfigurationIsVisible = 0;
			defaultConfigurationName = Release;
		};
		B85E0C0E292C2ACC00E4BFA2 /* Build configuration list for PBXNativeTarget "Navigation" */ = {
			isa = XCConfigurationList;
			buildConfigurations = (
				B85E0C0F292C2ACC00E4BFA2 /* Debug */,
				B85E0C10292C2ACC00E4BFA2 /* Release */,
			);
			defaultConfigurationIsVisible = 0;
			defaultConfigurationName = Release;
		};
/* End XCConfigurationList section */
	};
	rootObject = B85E0BF2292C2ACB00E4BFA2 /* Project object */;
}
